
Microsoft Visual Studio Solution File, Format Version 12.00
# Visual Studio Version 16
VisualStudioVersion = 16.0.30517.126
MinimumVisualStudioVersion = 10.0.40219.1
Project("{FAE04EC0-301F-11D3-BF4B-00C04F79EFBC}") = "01.Next Level", "01.Next Level\01.Next Level.csproj", "{25607DBB-E303-45FE-9547-831779CAA5D2}"
EndProject
Project("{FAE04EC0-301F-11D3-BF4B-00C04F79EFBC}") = "02.Sugar Cubes", "02.Sugar Cubes\02.Sugar Cubes.csproj", "{4F98264D-505A-4D1E-9C5F-E8D6150F07BC}"
EndProject
Project("{FAE04EC0-301F-11D3-BF4B-00C04F79EFBC}") = "03.Messaging", "03.Messaging\03.Messaging.csproj", "{DD37DCD7-50EA-42CD-93BD-F276E26C69BD}"
EndProject
Global
	GlobalSection(SolutionConfigurationPlatforms) = preSolution
		Debug|Any CPU = Debug|Any CPU
		Release|Any CPU = Release|Any CPU
	EndGlobalSection
	GlobalSection(ProjectConfigurationPlatforms) = postSolution
		{25607DBB-E303-45FE-9547-831779CAA5D2}.Debug|Any CPU.ActiveCfg = Debug|Any CPU
		{25607DBB-E303-45FE-9547-831779CAA5D2}.Debug|Any CPU.Build.0 = Debug|Any CPU
		{25607DBB-E303-45FE-9547-831779CAA5D2}.Release|Any CPU.ActiveCfg = Release|Any CPU
		{25607DBB-E303-45FE-9547-831779CAA5D2}.Release|Any CPU.Build.0 = Release|Any CPU
		{4F98264D-505A-4D1E-9C5F-E8D6150F07BC}.Debug|Any CPU.ActiveCfg = Debug|Any CPU
		{4F98264D-505A-4D1E-9C5F-E8D6150F07BC}.Debug|Any CPU.Build.0 = Debug|Any CPU
		{4F98264D-505A-4D1E-9C5F-E8D6150F07BC}.Release|Any CPU.ActiveCfg = Release|Any CPU
		{4F98264D-505A-4D1E-9C5F-E8D6150F07BC}.Release|Any CPU.Build.0 = Release|Any CPU
		{DD37DCD7-50EA-42CD-93BD-F276E26C69BD}.Debug|Any CPU.ActiveCfg = Debug|Any CPU
		{DD37DCD7-50EA-42CD-93BD-F276E26C69BD}.Debug|Any CPU.Build.0 = Debug|Any CPU
		{DD37DCD7-50EA-42CD-93BD-F276E26C69BD}.Release|Any CPU.ActiveCfg = Release|Any CPU
		{DD37DCD7-50EA-42CD-93BD-F276E26C69BD}.Release|Any CPU.Build.0 = Release|Any CPU
	EndGlobalSection
	GlobalSection(SolutionProperties) = preSolution
		HideSolutionNode = FALSE
	EndGlobalSection
	GlobalSection(ExtensibilityGlobals) = postSolution
		SolutionGuid = {F14C39C2-B159-4295-88C3-57DD66F5A1D3}
	EndGlobalSection
EndGlobal
