
Microsoft Visual Studio Solution File, Format Version 12.00
# Visual Studio Version 16
VisualStudioVersion = 16.0.30517.126
MinimumVisualStudioVersion = 10.0.40219.1
Project("{9A19103F-16F7-4668-BE54-9A1E7A4F7556}") = "1. Count Chars in a String", "1. Count Chars in a String\1. Count Chars in a String.csproj", "{ED7E1C59-CB63-444A-A14E-EA4261D0987B}"
EndProject
Project("{9A19103F-16F7-4668-BE54-9A1E7A4F7556}") = "2. A Miner Task", "2. A Miner Task\2. A Miner Task.csproj", "{3F90FDE8-DC37-4ABA-9551-1BD71C644D32}"
EndProject
Project("{9A19103F-16F7-4668-BE54-9A1E7A4F7556}") = "4. Orders", "4. Orders\4. Orders.csproj", "{C0C7893E-B184-4C4D-BA7E-01DF6BDFFE07}"
EndProject
Project("{FAE04EC0-301F-11D3-BF4B-00C04F79EFBC}") = "5. SoftUni Parking", "5. SoftUni Parking\5. SoftUni Parking.csproj", "{9246EDCC-4D29-41CC-9719-EC332DB327AA}"
EndProject
Global
	GlobalSection(SolutionConfigurationPlatforms) = preSolution
		Debug|Any CPU = Debug|Any CPU
		Release|Any CPU = Release|Any CPU
	EndGlobalSection
	GlobalSection(ProjectConfigurationPlatforms) = postSolution
		{ED7E1C59-CB63-444A-A14E-EA4261D0987B}.Debug|Any CPU.ActiveCfg = Debug|Any CPU
		{ED7E1C59-CB63-444A-A14E-EA4261D0987B}.Debug|Any CPU.Build.0 = Debug|Any CPU
		{ED7E1C59-CB63-444A-A14E-EA4261D0987B}.Release|Any CPU.ActiveCfg = Release|Any CPU
		{ED7E1C59-CB63-444A-A14E-EA4261D0987B}.Release|Any CPU.Build.0 = Release|Any CPU
		{3F90FDE8-DC37-4ABA-9551-1BD71C644D32}.Debug|Any CPU.ActiveCfg = Debug|Any CPU
		{3F90FDE8-DC37-4ABA-9551-1BD71C644D32}.Debug|Any CPU.Build.0 = Debug|Any CPU
		{3F90FDE8-DC37-4ABA-9551-1BD71C644D32}.Release|Any CPU.ActiveCfg = Release|Any CPU
		{3F90FDE8-DC37-4ABA-9551-1BD71C644D32}.Release|Any CPU.Build.0 = Release|Any CPU
		{C0C7893E-B184-4C4D-BA7E-01DF6BDFFE07}.Debug|Any CPU.ActiveCfg = Debug|Any CPU
		{C0C7893E-B184-4C4D-BA7E-01DF6BDFFE07}.Debug|Any CPU.Build.0 = Debug|Any CPU
		{C0C7893E-B184-4C4D-BA7E-01DF6BDFFE07}.Release|Any CPU.ActiveCfg = Release|Any CPU
		{C0C7893E-B184-4C4D-BA7E-01DF6BDFFE07}.Release|Any CPU.Build.0 = Release|Any CPU
		{9246EDCC-4D29-41CC-9719-EC332DB327AA}.Debug|Any CPU.ActiveCfg = Debug|Any CPU
		{9246EDCC-4D29-41CC-9719-EC332DB327AA}.Debug|Any CPU.Build.0 = Debug|Any CPU
		{9246EDCC-4D29-41CC-9719-EC332DB327AA}.Release|Any CPU.ActiveCfg = Release|Any CPU
		{9246EDCC-4D29-41CC-9719-EC332DB327AA}.Release|Any CPU.Build.0 = Release|Any CPU
	EndGlobalSection
	GlobalSection(SolutionProperties) = preSolution
		HideSolutionNode = FALSE
	EndGlobalSection
	GlobalSection(ExtensibilityGlobals) = postSolution
		SolutionGuid = {073EFC91-F6C0-49FA-BBD9-CAFB8233ED21}
	EndGlobalSection
EndGlobal
