
Microsoft Visual Studio Solution File, Format Version 12.00
# Visual Studio Version 16
VisualStudioVersion = 16.0.30517.126
MinimumVisualStudioVersion = 10.0.40219.1
Project("{FAE04EC0-301F-11D3-BF4B-00C04F79EFBC}") = "1. Count Real Numbers", "1. Count Real Numbers\1. Count Real Numbers.csproj", "{200DE85E-4DFE-4ED0-9251-596CA7CCF20A}"
EndProject
Global
	GlobalSection(SolutionConfigurationPlatforms) = preSolution
		Debug|Any CPU = Debug|Any CPU
		Release|Any CPU = Release|Any CPU
	EndGlobalSection
	GlobalSection(ProjectConfigurationPlatforms) = postSolution
		{200DE85E-4DFE-4ED0-9251-596CA7CCF20A}.Debug|Any CPU.ActiveCfg = Debug|Any CPU
		{200DE85E-4DFE-4ED0-9251-596CA7CCF20A}.Debug|Any CPU.Build.0 = Debug|Any CPU
		{200DE85E-4DFE-4ED0-9251-596CA7CCF20A}.Release|Any CPU.ActiveCfg = Release|Any CPU
		{200DE85E-4DFE-4ED0-9251-596CA7CCF20A}.Release|Any CPU.Build.0 = Release|Any CPU
	EndGlobalSection
	GlobalSection(SolutionProperties) = preSolution
		HideSolutionNode = FALSE
	EndGlobalSection
	GlobalSection(ExtensibilityGlobals) = postSolution
		SolutionGuid = {44983F4C-AF5F-4798-9DF9-A122B192065E}
	EndGlobalSection
EndGlobal
