
Microsoft Visual Studio Solution File, Format Version 12.00
# Visual Studio Version 17
VisualStudioVersion = 17.3.32819.101
MinimumVisualStudioVersion = 10.0.40219.1
Project("{9A19103F-16F7-4668-BE54-9A1E7A4F7556}") = "1. Count Real Numbers", "1. Count Real Numbers\1. Count Real Numbers.csproj", "{200DE85E-4DFE-4ED0-9251-596CA7CCF20A}"
EndProject
Project("{FAE04EC0-301F-11D3-BF4B-00C04F79EFBC}") = "2.WordSinonims", "2.WordSinonims\2.WordSinonims.csproj", "{F52937E9-A6BF-4ECF-9FBB-0D0FB95B7D5B}"
EndProject
Project("{FAE04EC0-301F-11D3-BF4B-00C04F79EFBC}") = "3.LargestNumbers", "3.LargestNumbers\3.LargestNumbers.csproj", "{8738C7A0-E0B4-46C7-8FE4-797710620244}"
EndProject
Project("{FAE04EC0-301F-11D3-BF4B-00C04F79EFBC}") = "4.WordFilter", "4.WordFilter\4.WordFilter.csproj", "{E3DF7522-9202-4D88-AED3-3611BC92204F}"
EndProject
Global
	GlobalSection(SolutionConfigurationPlatforms) = preSolution
		Debug|Any CPU = Debug|Any CPU
		Release|Any CPU = Release|Any CPU
	EndGlobalSection
	GlobalSection(ProjectConfigurationPlatforms) = postSolution
		{200DE85E-4DFE-4ED0-9251-596CA7CCF20A}.Debug|Any CPU.ActiveCfg = Debug|Any CPU
		{200DE85E-4DFE-4ED0-9251-596CA7CCF20A}.Debug|Any CPU.Build.0 = Debug|Any CPU
		{200DE85E-4DFE-4ED0-9251-596CA7CCF20A}.Release|Any CPU.ActiveCfg = Release|Any CPU
		{200DE85E-4DFE-4ED0-9251-596CA7CCF20A}.Release|Any CPU.Build.0 = Release|Any CPU
		{F52937E9-A6BF-4ECF-9FBB-0D0FB95B7D5B}.Debug|Any CPU.ActiveCfg = Debug|Any CPU
		{F52937E9-A6BF-4ECF-9FBB-0D0FB95B7D5B}.Debug|Any CPU.Build.0 = Debug|Any CPU
		{F52937E9-A6BF-4ECF-9FBB-0D0FB95B7D5B}.Release|Any CPU.ActiveCfg = Release|Any CPU
		{F52937E9-A6BF-4ECF-9FBB-0D0FB95B7D5B}.Release|Any CPU.Build.0 = Release|Any CPU
		{8738C7A0-E0B4-46C7-8FE4-797710620244}.Debug|Any CPU.ActiveCfg = Debug|Any CPU
		{8738C7A0-E0B4-46C7-8FE4-797710620244}.Debug|Any CPU.Build.0 = Debug|Any CPU
		{8738C7A0-E0B4-46C7-8FE4-797710620244}.Release|Any CPU.ActiveCfg = Release|Any CPU
		{8738C7A0-E0B4-46C7-8FE4-797710620244}.Release|Any CPU.Build.0 = Release|Any CPU
		{E3DF7522-9202-4D88-AED3-3611BC92204F}.Debug|Any CPU.ActiveCfg = Debug|Any CPU
		{E3DF7522-9202-4D88-AED3-3611BC92204F}.Debug|Any CPU.Build.0 = Debug|Any CPU
		{E3DF7522-9202-4D88-AED3-3611BC92204F}.Release|Any CPU.ActiveCfg = Release|Any CPU
		{E3DF7522-9202-4D88-AED3-3611BC92204F}.Release|Any CPU.Build.0 = Release|Any CPU
	EndGlobalSection
	GlobalSection(SolutionProperties) = preSolution
		HideSolutionNode = FALSE
	EndGlobalSection
	GlobalSection(ExtensibilityGlobals) = postSolution
		SolutionGuid = {44983F4C-AF5F-4798-9DF9-A122B192065E}
	EndGlobalSection
EndGlobal
