
Microsoft Visual Studio Solution File, Format Version 12.00
# Visual Studio Version 16
VisualStudioVersion = 16.0.30517.126
MinimumVisualStudioVersion = 10.0.40219.1
Project("{9A19103F-16F7-4668-BE54-9A1E7A4F7556}") = "1. Train", "ListsExersice\1. Train.csproj", "{1ECF5EA7-5D8A-4C64-A1B4-75CB048CAB4F}"
EndProject
Project("{9A19103F-16F7-4668-BE54-9A1E7A4F7556}") = "2. Change List", "2. Change List\2. Change List.csproj", "{2A033E14-E638-4C9C-A1E1-25A44FCA30C4}"
EndProject
Project("{9A19103F-16F7-4668-BE54-9A1E7A4F7556}") = "3. House Party", "3. House Party\3. House Party.csproj", "{1F77B0ED-A57D-4DF8-8937-8B40AAC2ED2B}"
EndProject
Project("{FAE04EC0-301F-11D3-BF4B-00C04F79EFBC}") = "4. List Operations", "4. List Operations\4. List Operations.csproj", "{B0FC2E7C-598B-4DDE-AA31-9F11F63BB786}"
EndProject
Project("{FAE04EC0-301F-11D3-BF4B-00C04F79EFBC}") = "5.Bomb Number", "5.Bomb Number\5.Bomb Number.csproj", "{F2B0F746-92D4-46E7-ADCE-593AA4B5448A}"
EndProject
Global
	GlobalSection(SolutionConfigurationPlatforms) = preSolution
		Debug|Any CPU = Debug|Any CPU
		Release|Any CPU = Release|Any CPU
	EndGlobalSection
	GlobalSection(ProjectConfigurationPlatforms) = postSolution
		{1ECF5EA7-5D8A-4C64-A1B4-75CB048CAB4F}.Debug|Any CPU.ActiveCfg = Debug|Any CPU
		{1ECF5EA7-5D8A-4C64-A1B4-75CB048CAB4F}.Debug|Any CPU.Build.0 = Debug|Any CPU
		{1ECF5EA7-5D8A-4C64-A1B4-75CB048CAB4F}.Release|Any CPU.ActiveCfg = Release|Any CPU
		{1ECF5EA7-5D8A-4C64-A1B4-75CB048CAB4F}.Release|Any CPU.Build.0 = Release|Any CPU
		{2A033E14-E638-4C9C-A1E1-25A44FCA30C4}.Debug|Any CPU.ActiveCfg = Debug|Any CPU
		{2A033E14-E638-4C9C-A1E1-25A44FCA30C4}.Debug|Any CPU.Build.0 = Debug|Any CPU
		{2A033E14-E638-4C9C-A1E1-25A44FCA30C4}.Release|Any CPU.ActiveCfg = Release|Any CPU
		{2A033E14-E638-4C9C-A1E1-25A44FCA30C4}.Release|Any CPU.Build.0 = Release|Any CPU
		{1F77B0ED-A57D-4DF8-8937-8B40AAC2ED2B}.Debug|Any CPU.ActiveCfg = Debug|Any CPU
		{1F77B0ED-A57D-4DF8-8937-8B40AAC2ED2B}.Debug|Any CPU.Build.0 = Debug|Any CPU
		{1F77B0ED-A57D-4DF8-8937-8B40AAC2ED2B}.Release|Any CPU.ActiveCfg = Release|Any CPU
		{1F77B0ED-A57D-4DF8-8937-8B40AAC2ED2B}.Release|Any CPU.Build.0 = Release|Any CPU
		{B0FC2E7C-598B-4DDE-AA31-9F11F63BB786}.Debug|Any CPU.ActiveCfg = Debug|Any CPU
		{B0FC2E7C-598B-4DDE-AA31-9F11F63BB786}.Debug|Any CPU.Build.0 = Debug|Any CPU
		{B0FC2E7C-598B-4DDE-AA31-9F11F63BB786}.Release|Any CPU.ActiveCfg = Release|Any CPU
		{B0FC2E7C-598B-4DDE-AA31-9F11F63BB786}.Release|Any CPU.Build.0 = Release|Any CPU
		{F2B0F746-92D4-46E7-ADCE-593AA4B5448A}.Debug|Any CPU.ActiveCfg = Debug|Any CPU
		{F2B0F746-92D4-46E7-ADCE-593AA4B5448A}.Debug|Any CPU.Build.0 = Debug|Any CPU
		{F2B0F746-92D4-46E7-ADCE-593AA4B5448A}.Release|Any CPU.ActiveCfg = Release|Any CPU
		{F2B0F746-92D4-46E7-ADCE-593AA4B5448A}.Release|Any CPU.Build.0 = Release|Any CPU
	EndGlobalSection
	GlobalSection(SolutionProperties) = preSolution
		HideSolutionNode = FALSE
	EndGlobalSection
	GlobalSection(ExtensibilityGlobals) = postSolution
		SolutionGuid = {D6CA90A1-8696-4138-A8B0-DF88BD1DB09E}
	EndGlobalSection
EndGlobal
